
Microsoft Visual Studio Solution File, Format Version 12.00
# Visual Studio 15
Project("{FAE04EC0-301F-11D3-BF4B-00C04F79EFBC}") = "arOne", "arOne.csproj", "{BB0BC8A4-F904-3063-ED5A-8A363B22C0DF}"
EndProject
Project("{FAE04EC0-301F-11D3-BF4B-00C04F79EFBC}") = "arOne.Editor", "arOne.Editor.csproj", "{049DF393-37EC-646D-8DD8-BC3F9C9A7C1B}"
EndProject
Global
	GlobalSection(SolutionConfigurationPlatforms) = preSolution
		Debug|Any CPU = Debug|Any CPU
		Release|Any CPU = Release|Any CPU
	EndGlobalSection
	GlobalSection(ProjectConfigurationPlatforms) = postSolution
		{BB0BC8A4-F904-3063-ED5A-8A363B22C0DF}.Debug|Any CPU.ActiveCfg = Debug|Any CPU
		{BB0BC8A4-F904-3063-ED5A-8A363B22C0DF}.Debug|Any CPU.Build.0 = Debug|Any CPU
		{BB0BC8A4-F904-3063-ED5A-8A363B22C0DF}.Release|Any CPU.ActiveCfg = Release|Any CPU
		{BB0BC8A4-F904-3063-ED5A-8A363B22C0DF}.Release|Any CPU.Build.0 = Release|Any CPU
		{049DF393-37EC-646D-8DD8-BC3F9C9A7C1B}.Debug|Any CPU.ActiveCfg = Debug|Any CPU
		{049DF393-37EC-646D-8DD8-BC3F9C9A7C1B}.Debug|Any CPU.Build.0 = Debug|Any CPU
		{049DF393-37EC-646D-8DD8-BC3F9C9A7C1B}.Release|Any CPU.ActiveCfg = Release|Any CPU
		{049DF393-37EC-646D-8DD8-BC3F9C9A7C1B}.Release|Any CPU.Build.0 = Release|Any CPU
	EndGlobalSection
	GlobalSection(SolutionProperties) = preSolution
		HideSolutionNode = FALSE
	EndGlobalSection
EndGlobal
